
Microsoft Visual Studio Solution File, Format Version 12.00
Project("{FAE04EC0-301F-11D3-BF4B-00C04F79EFBC}") = "Nsu.ColiseumProblem.Strategy", "Nsu.ColiseumProblem.Strategy\Nsu.ColiseumProblem.Strategy.csproj", "{3CE1884D-5A2F-4C0C-9FC2-1919CF0CEC67}"
EndProject
Project("{FAE04EC0-301F-11D3-BF4B-00C04F79EFBC}") = "Nsu.ColiseumProblem.Contracts", "..\Nsu.ColiseumProblem.Contracts\Nsu.ColiseumProblem.Contracts.csproj", "{A9EBA4AB-98B0-43FC-BEDF-1ECD5676BBF5}"
EndProject
Global
	GlobalSection(SolutionConfigurationPlatforms) = preSolution
		Debug|Any CPU = Debug|Any CPU
		Release|Any CPU = Release|Any CPU
	EndGlobalSection
	GlobalSection(ProjectConfigurationPlatforms) = postSolution
		{3CE1884D-5A2F-4C0C-9FC2-1919CF0CEC67}.Debug|Any CPU.ActiveCfg = Debug|Any CPU
		{3CE1884D-5A2F-4C0C-9FC2-1919CF0CEC67}.Debug|Any CPU.Build.0 = Debug|Any CPU
		{3CE1884D-5A2F-4C0C-9FC2-1919CF0CEC67}.Release|Any CPU.ActiveCfg = Release|Any CPU
		{3CE1884D-5A2F-4C0C-9FC2-1919CF0CEC67}.Release|Any CPU.Build.0 = Release|Any CPU
		{A9EBA4AB-98B0-43FC-BEDF-1ECD5676BBF5}.Debug|Any CPU.ActiveCfg = Debug|Any CPU
		{A9EBA4AB-98B0-43FC-BEDF-1ECD5676BBF5}.Debug|Any CPU.Build.0 = Debug|Any CPU
		{A9EBA4AB-98B0-43FC-BEDF-1ECD5676BBF5}.Release|Any CPU.ActiveCfg = Release|Any CPU
		{A9EBA4AB-98B0-43FC-BEDF-1ECD5676BBF5}.Release|Any CPU.Build.0 = Release|Any CPU
	EndGlobalSection
EndGlobal
